dependencies:
- name: kata-deploy
  repository: oci://ghcr.io/kata-containers/kata-deploy-charts
  version: 3.28.0
- name: peerpodctrl
  repository: file://../../../../peerpod-ctrl/chart
  version: 0.1.0
- name: peerpods-webhook
  repository: file://../../../../webhook/chart
  version: 0.1.0
digest: sha256:eb2cd7fd9b9393724b926bdd28b552324880f499e0d51a0ed16ad554c5fd28bf
generated: "2026-03-20T13:29:46.7201Z"
